{
  "version": 4,
  "terraform_version": "1.8.5",
  "serial": 1,
  "lineage": "a686bf6f-a589-072c-bd6b-d6f3e4359293",
  "outputs": {},
  "resources": [
    {
      "mode": "managed",
      "type": "aws_iam_user",
      "name": "example1",
      "provider": "provider[\"registry.terraform.io/hashicorp/aws\"]",
      "instances": [
        {
          "schema_version": 0,
          "attributes": {
            "arn": "arn:aws:iam::533267059076:user/iam_terraform_user1",
            "force_destroy": false,
            "id": "iam_terraform_user1",
            "name": "iam_terraform_user1",
            "path": "/",
            "permissions_boundary": "",
            "tags": null,
            "tags_all": {},
            "unique_id": "AIDAXYKJRSGCHD3GUJI7I"
          },
          "sensitive_attributes": [],
          "private": "bnVsbA=="
        }
      ]
    }
  ],
  "check_results": null
}
